
Microsoft Visual Studio Solution File, Format Version 12.00
# Visual Studio 15
VisualStudioVersion = 15.0.27130.2003
MinimumVisualStudioVersion = 10.0.40219.1
Project("{2150E333-8FDC-42A3-9474-1A3956D46DE8}") = "src", "src", "{CF90DA3C-35C4-4042-A314-A10A6195392D}"
	ProjectSection(SolutionItems) = preProject
		readme.txt = readme.txt
	EndProjectSection
EndProject
Project("{2150E333-8FDC-42A3-9474-1A3956D46DE8}") = "WebApi", "WebApi", "{2D801C61-676A-42BC-96F1-1D43E3D624E2}"
EndProject
Project("{2150E333-8FDC-42A3-9474-1A3956D46DE8}") = "WebApp", "WebApp", "{D9D8DF14-569C-4DAD-9B66-6182815A9221}"
EndProject
Project("{2150E333-8FDC-42A3-9474-1A3956D46DE8}") = "ApplicationCore", "ApplicationCore", "{03AC79AC-D4D5-4D98-9F2E-C4FDF337910F}"
EndProject
Project("{2150E333-8FDC-42A3-9474-1A3956D46DE8}") = "Infrastructure", "Infrastructure", "{B4DEC040-9826-4AA5-A210-81BC7CF9B1C2}"
EndProject
Project("{9A19103F-16F7-4668-BE54-9A1E7A4F7556}") = "Light.Model", "Light.Model\Light.Model.csproj", "{16577E03-3483-47C0-92FF-ABC888B0ECEB}"
EndProject
Project("{9A19103F-16F7-4668-BE54-9A1E7A4F7556}") = "Light.IService", "Light.IService\Light.IService.csproj", "{9297E991-039A-48E3-AB47-2D1136CAF7B6}"
EndProject
Project("{9A19103F-16F7-4668-BE54-9A1E7A4F7556}") = "Light.AuthorityApi", "Light.AuthorityApi\Light.AuthorityApi.csproj", "{BC9BCA0C-BBC3-4D00-8354-EF4E128DA199}"
EndProject
Project("{9A19103F-16F7-4668-BE54-9A1E7A4F7556}") = "Light.Extension", "Light.Extension\Light.Extension.csproj", "{3022EE5B-F1A6-4126-B1CC-8D9BB5FCCF30}"
EndProject
Project("{9A19103F-16F7-4668-BE54-9A1E7A4F7556}") = "Light.Common", "Light.Common\Light.Common.csproj", "{C2B901BE-FF59-42B1-8C0C-E64E72AF2A19}"
EndProject
Project("{9A19103F-16F7-4668-BE54-9A1E7A4F7556}") = "Light.Service", "Light.Service\Light.Service.csproj", "{F0A86752-FCF1-412E-92AD-1287BAD00268}"
EndProject
Project("{9A19103F-16F7-4668-BE54-9A1E7A4F7556}") = "Light.EFRespository", "Light.EFRespository\Light.EFRespository.csproj", "{426D006A-9579-4646-8C4B-81177DB1F24D}"
EndProject
Project("{9A19103F-16F7-4668-BE54-9A1E7A4F7556}") = "Light.ApiGateway", "Light.ApiGateway\Light.ApiGateway.csproj", "{ED1602F8-4E48-4EFB-BA5E-372C41494649}"
EndProject
Project("{9A19103F-16F7-4668-BE54-9A1E7A4F7556}") = "Light.IdentityServer", "Light.IdentityServer\Light.IdentityServer.csproj", "{B2CE496A-A646-4BB8-A1DE-9D1630BB58CC}"
EndProject
Project("{2150E333-8FDC-42A3-9474-1A3956D46DE8}") = "ConsoleApp", "ConsoleApp", "{49F8B625-E695-4A6D-B5AD-DB39D09648C6}"
EndProject
Project("{9A19103F-16F7-4668-BE54-9A1E7A4F7556}") = "MQPublisher", "MQPublisher\MQPublisher.csproj", "{116932EC-2FA2-4AAD-B7DD-016DE66EB1E3}"
EndProject
Project("{9A19103F-16F7-4668-BE54-9A1E7A4F7556}") = "MQSubscriber", "MQSubscriber\MQSubscriber.csproj", "{8912CB98-29B6-4318-9F84-A9122027C92A}"
EndProject
Project("{FAE04EC0-301F-11D3-BF4B-00C04F79EFBC}") = "Light.BlogApi", "Light.BlogApi\Light.BlogApi.csproj", "{48FDE60F-D3B2-4F55-848C-B7F777A366D5}"
EndProject
Global
	GlobalSection(SolutionConfigurationPlatforms) = preSolution
		Debug|Any CPU = Debug|Any CPU
		Release|Any CPU = Release|Any CPU
	EndGlobalSection
	GlobalSection(ProjectConfigurationPlatforms) = postSolution
		{16577E03-3483-47C0-92FF-ABC888B0ECEB}.Debug|Any CPU.ActiveCfg = Debug|Any CPU
		{16577E03-3483-47C0-92FF-ABC888B0ECEB}.Debug|Any CPU.Build.0 = Debug|Any CPU
		{16577E03-3483-47C0-92FF-ABC888B0ECEB}.Release|Any CPU.ActiveCfg = Release|Any CPU
		{16577E03-3483-47C0-92FF-ABC888B0ECEB}.Release|Any CPU.Build.0 = Release|Any CPU
		{9297E991-039A-48E3-AB47-2D1136CAF7B6}.Debug|Any CPU.ActiveCfg = Debug|Any CPU
		{9297E991-039A-48E3-AB47-2D1136CAF7B6}.Debug|Any CPU.Build.0 = Debug|Any CPU
		{9297E991-039A-48E3-AB47-2D1136CAF7B6}.Release|Any CPU.ActiveCfg = Release|Any CPU
		{9297E991-039A-48E3-AB47-2D1136CAF7B6}.Release|Any CPU.Build.0 = Release|Any CPU
		{BC9BCA0C-BBC3-4D00-8354-EF4E128DA199}.Debug|Any CPU.ActiveCfg = Debug|Any CPU
		{BC9BCA0C-BBC3-4D00-8354-EF4E128DA199}.Debug|Any CPU.Build.0 = Debug|Any CPU
		{BC9BCA0C-BBC3-4D00-8354-EF4E128DA199}.Release|Any CPU.ActiveCfg = Release|Any CPU
		{BC9BCA0C-BBC3-4D00-8354-EF4E128DA199}.Release|Any CPU.Build.0 = Release|Any CPU
		{3022EE5B-F1A6-4126-B1CC-8D9BB5FCCF30}.Debug|Any CPU.ActiveCfg = Debug|Any CPU
		{3022EE5B-F1A6-4126-B1CC-8D9BB5FCCF30}.Debug|Any CPU.Build.0 = Debug|Any CPU
		{3022EE5B-F1A6-4126-B1CC-8D9BB5FCCF30}.Release|Any CPU.ActiveCfg = Release|Any CPU
		{3022EE5B-F1A6-4126-B1CC-8D9BB5FCCF30}.Release|Any CPU.Build.0 = Release|Any CPU
		{C2B901BE-FF59-42B1-8C0C-E64E72AF2A19}.Debug|Any CPU.ActiveCfg = Debug|Any CPU
		{C2B901BE-FF59-42B1-8C0C-E64E72AF2A19}.Debug|Any CPU.Build.0 = Debug|Any CPU
		{C2B901BE-FF59-42B1-8C0C-E64E72AF2A19}.Release|Any CPU.ActiveCfg = Release|Any CPU
		{C2B901BE-FF59-42B1-8C0C-E64E72AF2A19}.Release|Any CPU.Build.0 = Release|Any CPU
		{F0A86752-FCF1-412E-92AD-1287BAD00268}.Debug|Any CPU.ActiveCfg = Debug|Any CPU
		{F0A86752-FCF1-412E-92AD-1287BAD00268}.Debug|Any CPU.Build.0 = Debug|Any CPU
		{F0A86752-FCF1-412E-92AD-1287BAD00268}.Release|Any CPU.ActiveCfg = Release|Any CPU
		{F0A86752-FCF1-412E-92AD-1287BAD00268}.Release|Any CPU.Build.0 = Release|Any CPU
		{426D006A-9579-4646-8C4B-81177DB1F24D}.Debug|Any CPU.ActiveCfg = Debug|Any CPU
		{426D006A-9579-4646-8C4B-81177DB1F24D}.Debug|Any CPU.Build.0 = Debug|Any CPU
		{426D006A-9579-4646-8C4B-81177DB1F24D}.Release|Any CPU.ActiveCfg = Release|Any CPU
		{426D006A-9579-4646-8C4B-81177DB1F24D}.Release|Any CPU.Build.0 = Release|Any CPU
		{ED1602F8-4E48-4EFB-BA5E-372C41494649}.Debug|Any CPU.ActiveCfg = Debug|Any CPU
		{ED1602F8-4E48-4EFB-BA5E-372C41494649}.Debug|Any CPU.Build.0 = Debug|Any CPU
		{ED1602F8-4E48-4EFB-BA5E-372C41494649}.Release|Any CPU.ActiveCfg = Release|Any CPU
		{ED1602F8-4E48-4EFB-BA5E-372C41494649}.Release|Any CPU.Build.0 = Release|Any CPU
		{B2CE496A-A646-4BB8-A1DE-9D1630BB58CC}.Debug|Any CPU.ActiveCfg = Debug|Any CPU
		{B2CE496A-A646-4BB8-A1DE-9D1630BB58CC}.Debug|Any CPU.Build.0 = Debug|Any CPU
		{B2CE496A-A646-4BB8-A1DE-9D1630BB58CC}.Release|Any CPU.ActiveCfg = Release|Any CPU
		{B2CE496A-A646-4BB8-A1DE-9D1630BB58CC}.Release|Any CPU.Build.0 = Release|Any CPU
		{116932EC-2FA2-4AAD-B7DD-016DE66EB1E3}.Debug|Any CPU.ActiveCfg = Debug|Any CPU
		{116932EC-2FA2-4AAD-B7DD-016DE66EB1E3}.Debug|Any CPU.Build.0 = Debug|Any CPU
		{116932EC-2FA2-4AAD-B7DD-016DE66EB1E3}.Release|Any CPU.ActiveCfg = Release|Any CPU
		{116932EC-2FA2-4AAD-B7DD-016DE66EB1E3}.Release|Any CPU.Build.0 = Release|Any CPU
		{8912CB98-29B6-4318-9F84-A9122027C92A}.Debug|Any CPU.ActiveCfg = Debug|Any CPU
		{8912CB98-29B6-4318-9F84-A9122027C92A}.Debug|Any CPU.Build.0 = Debug|Any CPU
		{8912CB98-29B6-4318-9F84-A9122027C92A}.Release|Any CPU.ActiveCfg = Release|Any CPU
		{8912CB98-29B6-4318-9F84-A9122027C92A}.Release|Any CPU.Build.0 = Release|Any CPU
		{48FDE60F-D3B2-4F55-848C-B7F777A366D5}.Debug|Any CPU.ActiveCfg = Debug|Any CPU
		{48FDE60F-D3B2-4F55-848C-B7F777A366D5}.Debug|Any CPU.Build.0 = Debug|Any CPU
		{48FDE60F-D3B2-4F55-848C-B7F777A366D5}.Release|Any CPU.ActiveCfg = Release|Any CPU
		{48FDE60F-D3B2-4F55-848C-B7F777A366D5}.Release|Any CPU.Build.0 = Release|Any CPU
	EndGlobalSection
	GlobalSection(SolutionProperties) = preSolution
		HideSolutionNode = FALSE
	EndGlobalSection
	GlobalSection(NestedProjects) = preSolution
		{2D801C61-676A-42BC-96F1-1D43E3D624E2} = {CF90DA3C-35C4-4042-A314-A10A6195392D}
		{D9D8DF14-569C-4DAD-9B66-6182815A9221} = {CF90DA3C-35C4-4042-A314-A10A6195392D}
		{03AC79AC-D4D5-4D98-9F2E-C4FDF337910F} = {CF90DA3C-35C4-4042-A314-A10A6195392D}
		{B4DEC040-9826-4AA5-A210-81BC7CF9B1C2} = {CF90DA3C-35C4-4042-A314-A10A6195392D}
		{16577E03-3483-47C0-92FF-ABC888B0ECEB} = {03AC79AC-D4D5-4D98-9F2E-C4FDF337910F}
		{9297E991-039A-48E3-AB47-2D1136CAF7B6} = {03AC79AC-D4D5-4D98-9F2E-C4FDF337910F}
		{BC9BCA0C-BBC3-4D00-8354-EF4E128DA199} = {2D801C61-676A-42BC-96F1-1D43E3D624E2}
		{3022EE5B-F1A6-4126-B1CC-8D9BB5FCCF30} = {B4DEC040-9826-4AA5-A210-81BC7CF9B1C2}
		{C2B901BE-FF59-42B1-8C0C-E64E72AF2A19} = {03AC79AC-D4D5-4D98-9F2E-C4FDF337910F}
		{F0A86752-FCF1-412E-92AD-1287BAD00268} = {03AC79AC-D4D5-4D98-9F2E-C4FDF337910F}
		{426D006A-9579-4646-8C4B-81177DB1F24D} = {03AC79AC-D4D5-4D98-9F2E-C4FDF337910F}
		{ED1602F8-4E48-4EFB-BA5E-372C41494649} = {2D801C61-676A-42BC-96F1-1D43E3D624E2}
		{B2CE496A-A646-4BB8-A1DE-9D1630BB58CC} = {2D801C61-676A-42BC-96F1-1D43E3D624E2}
		{49F8B625-E695-4A6D-B5AD-DB39D09648C6} = {CF90DA3C-35C4-4042-A314-A10A6195392D}
		{116932EC-2FA2-4AAD-B7DD-016DE66EB1E3} = {49F8B625-E695-4A6D-B5AD-DB39D09648C6}
		{8912CB98-29B6-4318-9F84-A9122027C92A} = {49F8B625-E695-4A6D-B5AD-DB39D09648C6}
		{48FDE60F-D3B2-4F55-848C-B7F777A366D5} = {2D801C61-676A-42BC-96F1-1D43E3D624E2}
	EndGlobalSection
	GlobalSection(ExtensibilityGlobals) = postSolution
		SolutionGuid = {CE74D04A-C3D2-4BC8-9D7A-200E2283827C}
	EndGlobalSection
EndGlobal
